Microsoft Visual Studio Solution File, Format Version 11.00
# Visual Studio 2008

Project("{15839E6D-F83D-C88F-1849-D57010605E19}") = "Projet-KENL", "Assembly-CSharp-firstpass.csproj", "{85583F50-CC60-615B-6865-6F46F0881DF1}"
EndProject
Project("{15839E6D-F83D-C88F-1849-D57010605E19}") = "Projet-KENL", "Assembly-CSharp.csproj", "{3098E0F6-8643-5829-9A52-BF4A69DD60D0}"
EndProject
Project("{15839E6D-F83D-C88F-1849-D57010605E19}") = "Projet-KENL", "Assembly-CSharp-Editor-firstpass.csproj", "{D3C8A633-EEB0-988B-48D3-BF142AB837AC}"
EndProject
Project("{15839E6D-F83D-C88F-1849-D57010605E19}") = "Projet-KENL", "Assembly-CSharp-Editor.csproj", "{256FC2EB-DA55-A7D1-D550-3A1A17754916}"
EndProject
Global
	GlobalSection(SolutionConfigurationPlatforms) = preSolution
		Debug|Any CPU = Debug|Any CPU
		Release|Any CPU = Release|Any CPU
	EndGlobalSection
	GlobalSection(ProjectConfigurationPlatforms) = postSolution
		{85583F50-CC60-615B-6865-6F46F0881DF1}.Debug|Any CPU.ActiveCfg = Debug|Any CPU
		{85583F50-CC60-615B-6865-6F46F0881DF1}.Debug|Any CPU.Build.0 = Debug|Any CPU
		{85583F50-CC60-615B-6865-6F46F0881DF1}.Release|Any CPU.ActiveCfg = Release|Any CPU
		{85583F50-CC60-615B-6865-6F46F0881DF1}.Release|Any CPU.Build.0 = Release|Any CPU
		{3098E0F6-8643-5829-9A52-BF4A69DD60D0}.Debug|Any CPU.ActiveCfg = Debug|Any CPU
		{3098E0F6-8643-5829-9A52-BF4A69DD60D0}.Debug|Any CPU.Build.0 = Debug|Any CPU
		{3098E0F6-8643-5829-9A52-BF4A69DD60D0}.Release|Any CPU.ActiveCfg = Release|Any CPU
		{3098E0F6-8643-5829-9A52-BF4A69DD60D0}.Release|Any CPU.Build.0 = Release|Any CPU
		{D3C8A633-EEB0-988B-48D3-BF142AB837AC}.Debug|Any CPU.ActiveCfg = Debug|Any CPU
		{D3C8A633-EEB0-988B-48D3-BF142AB837AC}.Debug|Any CPU.Build.0 = Debug|Any CPU
		{D3C8A633-EEB0-988B-48D3-BF142AB837AC}.Release|Any CPU.ActiveCfg = Release|Any CPU
		{D3C8A633-EEB0-988B-48D3-BF142AB837AC}.Release|Any CPU.Build.0 = Release|Any CPU
		{256FC2EB-DA55-A7D1-D550-3A1A17754916}.Debug|Any CPU.ActiveCfg = Debug|Any CPU
		{256FC2EB-DA55-A7D1-D550-3A1A17754916}.Debug|Any CPU.Build.0 = Debug|Any CPU
		{256FC2EB-DA55-A7D1-D550-3A1A17754916}.Release|Any CPU.ActiveCfg = Release|Any CPU
		{256FC2EB-DA55-A7D1-D550-3A1A17754916}.Release|Any CPU.Build.0 = Release|Any CPU
	EndGlobalSection
	GlobalSection(SolutionProperties) = preSolution
		HideSolutionNode = FALSE
	EndGlobalSection
	GlobalSection(MonoDevelopProperties) = preSolution
		StartupItem = Assembly-CSharp.csproj
	EndGlobalSection
EndGlobal
