
Microsoft Visual Studio Solution File, Format Version 12.00
# Visual Studio 2015
Project("{FAE04EC0-301F-11D3-BF4B-00C04F79EFBC}") = "Projet-KENL.Plugins", "Projet-KENL.Plugins.csproj", "{F2045F3A-0F64-6F50-B21C-54C062950865}"
EndProject
Project("{FAE04EC0-301F-11D3-BF4B-00C04F79EFBC}") = "Projet-KENL", "Projet-KENL.csproj", "{776BDDE0-06C2-40AF-13B8-5950EDF75D5E}"
EndProject
Project("{FAE04EC0-301F-11D3-BF4B-00C04F79EFBC}") = "Projet-KENL.Editor.Plugins", "Projet-KENL.Editor.Plugins.csproj", "{C7AA55A6-BFF0-DE39-5016-BB202B0E9C2B}"
EndProject
Project("{FAE04EC0-301F-11D3-BF4B-00C04F79EFBC}") = "Projet-KENL.Editor", "Projet-KENL.Editor.csproj", "{997CC3FC-9EB9-7B29-D155-5F7A5022817A}"
EndProject
Global
	GlobalSection(SolutionConfigurationPlatforms) = preSolution
		Debug|Any CPU = Debug|Any CPU
		Release|Any CPU = Release|Any CPU
	EndGlobalSection
	GlobalSection(ProjectConfigurationPlatforms) = postSolution
		{F2045F3A-0F64-6F50-B21C-54C062950865}.Debug|Any CPU.ActiveCfg = Debug|Any CPU
		{F2045F3A-0F64-6F50-B21C-54C062950865}.Debug|Any CPU.Build.0 = Debug|Any CPU
		{F2045F3A-0F64-6F50-B21C-54C062950865}.Release|Any CPU.ActiveCfg = Release|Any CPU
		{F2045F3A-0F64-6F50-B21C-54C062950865}.Release|Any CPU.Build.0 = Release|Any CPU
		{776BDDE0-06C2-40AF-13B8-5950EDF75D5E}.Debug|Any CPU.ActiveCfg = Debug|Any CPU
		{776BDDE0-06C2-40AF-13B8-5950EDF75D5E}.Debug|Any CPU.Build.0 = Debug|Any CPU
		{776BDDE0-06C2-40AF-13B8-5950EDF75D5E}.Release|Any CPU.ActiveCfg = Release|Any CPU
		{776BDDE0-06C2-40AF-13B8-5950EDF75D5E}.Release|Any CPU.Build.0 = Release|Any CPU
		{C7AA55A6-BFF0-DE39-5016-BB202B0E9C2B}.Debug|Any CPU.ActiveCfg = Debug|Any CPU
		{C7AA55A6-BFF0-DE39-5016-BB202B0E9C2B}.Debug|Any CPU.Build.0 = Debug|Any CPU
		{C7AA55A6-BFF0-DE39-5016-BB202B0E9C2B}.Release|Any CPU.ActiveCfg = Release|Any CPU
		{C7AA55A6-BFF0-DE39-5016-BB202B0E9C2B}.Release|Any CPU.Build.0 = Release|Any CPU
		{997CC3FC-9EB9-7B29-D155-5F7A5022817A}.Debug|Any CPU.ActiveCfg = Debug|Any CPU
		{997CC3FC-9EB9-7B29-D155-5F7A5022817A}.Debug|Any CPU.Build.0 = Debug|Any CPU
		{997CC3FC-9EB9-7B29-D155-5F7A5022817A}.Release|Any CPU.ActiveCfg = Release|Any CPU
		{997CC3FC-9EB9-7B29-D155-5F7A5022817A}.Release|Any CPU.Build.0 = Release|Any CPU
	EndGlobalSection
	GlobalSection(SolutionProperties) = preSolution
		HideSolutionNode = FALSE
	EndGlobalSection
EndGlobal
